
Microsoft Visual Studio Solution File, Format Version 12.00
# Visual Studio Version 17
VisualStudioVersion = 17.9.34728.123
MinimumVisualStudioVersion = 10.0.40219.1
Project("{2150E333-8FDC-42A3-9474-1A3956D46DE8}") = "01-Bases", "01-Bases", "{0673212B-608D-4B3A-9E1D-689477FE8112}"
EndProject
Project("{9A19103F-16F7-4668-BE54-9A1E7A4F7556}") = "01-Variables", "01-Variables\01-Variables.csproj", "{5A52C71C-3CFE-42C7-9FBA-A60DCB1E685C}"
EndProject
Project("{9A19103F-16F7-4668-BE54-9A1E7A4F7556}") = "02-EstructurasControl", "02-EstructurasControl\02-EstructurasControl.csproj", "{AA6F06EA-9E08-4F11-A978-20C8A92829BA}"
EndProject
Project("{9A19103F-16F7-4668-BE54-9A1E7A4F7556}") = "03-Bucles", "03-Bucles\03-Bucles.csproj", "{22C7F343-BFC0-4690-A257-BA09CC87ECF6}"
EndProject
Project("{9A19103F-16F7-4668-BE54-9A1E7A4F7556}") = "04-Funciones", "04-Funciones\04-Funciones.csproj", "{504983D9-42BA-4E04-9FFC-5A03277CD4A6}"
EndProject
Project("{2150E333-8FDC-42A3-9474-1A3956D46DE8}") = "02-POO", "02-POO", "{44204E01-E2C8-4DFD-96F5-0658529BD176}"
EndProject
Project("{9A19103F-16F7-4668-BE54-9A1E7A4F7556}") = "01-Clases", "01-Clases\01-Clases.csproj", "{8AAA84EC-4C86-462E-BF6E-58C2754642D4}"
EndProject
Project("{9A19103F-16F7-4668-BE54-9A1E7A4F7556}") = "02-Propiedades", "02-Propiedades\02-Propiedades.csproj", "{E5118BEF-DB2B-43C4-9FF4-E8C20796C019}"
EndProject
Project("{9A19103F-16F7-4668-BE54-9A1E7A4F7556}") = "03-Herencia", "03-Herencia\03-Herencia.csproj", "{EF93FDA7-D701-486A-9556-F8174E2B5790}"
EndProject
Project("{2150E333-8FDC-42A3-9474-1A3956D46DE8}") = "03-Colecciones", "03-Colecciones", "{0C7BFEF1-29C9-4D1F-AC05-173C0CFDDE48}"
EndProject
Project("{9A19103F-16F7-4668-BE54-9A1E7A4F7556}") = "01-ListasMetodos", "01-ListasMetodos\01-ListasMetodos.csproj", "{92A93FED-0F23-4C45-A088-F9463C673865}"
EndProject
Project("{9A19103F-16F7-4668-BE54-9A1E7A4F7556}") = "02-LinkedList", "02-LinkedList\02-LinkedList.csproj", "{FF47FB2D-B4B0-4A7D-9A13-ED4E152CF73B}"
EndProject
Project("{9A19103F-16F7-4668-BE54-9A1E7A4F7556}") = "03-Stack", "03-Stack\03-Stack.csproj", "{6EDF8BAE-9C3B-4EDF-8510-4DFB74DF5A23}"
EndProject
Project("{9A19103F-16F7-4668-BE54-9A1E7A4F7556}") = "04-Queue", "04-Queue\04-Queue.csproj", "{852BE550-DE47-4B56-B12F-BDDF940A54D7}"
EndProject
Project("{9A19103F-16F7-4668-BE54-9A1E7A4F7556}") = "05-Dictionarios", "05-Dictionarios\05-Dictionarios.csproj", "{8954FD68-ADF4-4999-9170-01E0EDC6CA25}"
EndProject
Project("{2150E333-8FDC-42A3-9474-1A3956D46DE8}") = "04-Delegates", "04-Delegates", "{F3B420FA-E43B-4BAF-8A64-57819D3018BE}"
EndProject
Project("{9A19103F-16F7-4668-BE54-9A1E7A4F7556}") = "01-Creacion", "01-Creacion\01-Creacion.csproj", "{B2A56207-2019-4402-8095-AE34A2E09ACB}"
EndProject
Project("{9A19103F-16F7-4668-BE54-9A1E7A4F7556}") = "02-Anonimos", "02-Anonimos\02-Anonimos.csproj", "{B05A3539-6709-4211-BE8F-DD547A84B172}"
EndProject
Project("{9A19103F-16F7-4668-BE54-9A1E7A4F7556}") = "03-Compuestos", "03-Compuestos\03-Compuestos.csproj", "{E232DD33-4BCA-4BB7-B91D-BF4A181A19F7}"
EndProject
Project("{2150E333-8FDC-42A3-9474-1A3956D46DE8}") = "05-Eventos", "05-Eventos", "{3C61F2F0-F14F-4A9B-B3A5-644DF207CE26}"
EndProject
Project("{9A19103F-16F7-4668-BE54-9A1E7A4F7556}") = "01-CreacionEvento", "01-CreacionEvento\01-CreacionEvento.csproj", "{E08EBEB6-1806-481C-ADAA-2A05A14F99E4}"
EndProject
Project("{9A19103F-16F7-4668-BE54-9A1E7A4F7556}") = "02-EventosDotNet", "02-EventosDotNet\02-EventosDotNet.csproj", "{885E04A3-B83A-4257-ADC7-1BE396FC4007}"
EndProject
Project("{2150E333-8FDC-42A3-9474-1A3956D46DE8}") = "06-FuncionesLambda", "06-FuncionesLambda", "{7049AA82-D89D-4124-96CF-13A5FD7B30E1}"
EndProject
Project("{9A19103F-16F7-4668-BE54-9A1E7A4F7556}") = "01-Lambda", "01-Lambda\01-Lambda.csproj", "{BD35C192-5829-4E54-BEDA-FFFA670DF8F4}"
EndProject
Project("{9A19103F-16F7-4668-BE54-9A1E7A4F7556}") = "02-EventosLambda", "02-EventosLambda\02-EventosLambda.csproj", "{434093BA-7A83-48DF-B654-749DD32D049C}"
EndProject
Project("{2150E333-8FDC-42A3-9474-1A3956D46DE8}") = "07-Interfaces", "07-Interfaces", "{A138C7E2-35B8-4F94-B9B5-DD782B89266A}"
EndProject
Project("{9A19103F-16F7-4668-BE54-9A1E7A4F7556}") = "01-CreacionInterfaces", "01-CreacionInterfaces\01-CreacionInterfaces.csproj", "{1853C780-8E0A-4113-A5EF-77FFE58BF5E9}"
EndProject
Project("{9A19103F-16F7-4668-BE54-9A1E7A4F7556}") = "02-MultiplesInterfaces", "02-MultiplesInterfaces\02-MultiplesInterfaces.csproj", "{2EB79388-58F3-4849-BB02-09FF5EC1AFC1}"
EndProject
Project("{2150E333-8FDC-42A3-9474-1A3956D46DE8}") = "08-Generics", "08-Generics", "{DAADFBF6-6FCD-434B-9673-D4C8CCE44BD4}"
EndProject
Project("{9A19103F-16F7-4668-BE54-9A1E7A4F7556}") = "01-DiseñoObjetos", "01-DiseñoObjetos\01-DiseñoObjetos.csproj", "{A8ED7B39-9509-45D1-86F1-207AB1956206}"
EndProject
Project("{9A19103F-16F7-4668-BE54-9A1E7A4F7556}") = "02-IComparableGenerico", "02-IComparableGenerico\02-IComparableGenerico.csproj", "{1995FAE9-AF5B-412D-8394-CC0803B63EB8}"
EndProject
Project("{9A19103F-16F7-4668-BE54-9A1E7A4F7556}") = "03-Services-Interfaces", "03-Services-Interfaces\03-Services-Interfaces.csproj", "{059DB602-E5BA-448B-88C7-8E3F69165485}"
EndProject
Project("{FAE04EC0-301F-11D3-BF4B-00C04F79EFBC}") = "04-Constraints-Genericos", "04-Constraints-Genericos\04-Constraints-Genericos.csproj", "{C13DB74C-D04A-4CCC-A72A-2ABD3FC9494D}"
EndProject
Project("{2150E333-8FDC-42A3-9474-1A3956D46DE8}") = "09-Reflection", "09-Reflection", "{927B2569-4873-4293-AB64-DFCDF4F9921B}"
EndProject
Project("{FAE04EC0-301F-11D3-BF4B-00C04F79EFBC}") = "01-Reflection", "01-Reflection\01-Reflection.csproj", "{86C77423-18F3-4B70-A372-E9C4EC1BBCA1}"
EndProject
Global
	GlobalSection(SolutionConfigurationPlatforms) = preSolution
		Debug|Any CPU = Debug|Any CPU
		Release|Any CPU = Release|Any CPU
	EndGlobalSection
	GlobalSection(ProjectConfigurationPlatforms) = postSolution
		{5A52C71C-3CFE-42C7-9FBA-A60DCB1E685C}.Debug|Any CPU.ActiveCfg = Debug|Any CPU
		{5A52C71C-3CFE-42C7-9FBA-A60DCB1E685C}.Debug|Any CPU.Build.0 = Debug|Any CPU
		{5A52C71C-3CFE-42C7-9FBA-A60DCB1E685C}.Release|Any CPU.ActiveCfg = Release|Any CPU
		{5A52C71C-3CFE-42C7-9FBA-A60DCB1E685C}.Release|Any CPU.Build.0 = Release|Any CPU
		{AA6F06EA-9E08-4F11-A978-20C8A92829BA}.Debug|Any CPU.ActiveCfg = Debug|Any CPU
		{AA6F06EA-9E08-4F11-A978-20C8A92829BA}.Debug|Any CPU.Build.0 = Debug|Any CPU
		{AA6F06EA-9E08-4F11-A978-20C8A92829BA}.Release|Any CPU.ActiveCfg = Release|Any CPU
		{AA6F06EA-9E08-4F11-A978-20C8A92829BA}.Release|Any CPU.Build.0 = Release|Any CPU
		{22C7F343-BFC0-4690-A257-BA09CC87ECF6}.Debug|Any CPU.ActiveCfg = Debug|Any CPU
		{22C7F343-BFC0-4690-A257-BA09CC87ECF6}.Debug|Any CPU.Build.0 = Debug|Any CPU
		{22C7F343-BFC0-4690-A257-BA09CC87ECF6}.Release|Any CPU.ActiveCfg = Release|Any CPU
		{22C7F343-BFC0-4690-A257-BA09CC87ECF6}.Release|Any CPU.Build.0 = Release|Any CPU
		{504983D9-42BA-4E04-9FFC-5A03277CD4A6}.Debug|Any CPU.ActiveCfg = Debug|Any CPU
		{504983D9-42BA-4E04-9FFC-5A03277CD4A6}.Debug|Any CPU.Build.0 = Debug|Any CPU
		{504983D9-42BA-4E04-9FFC-5A03277CD4A6}.Release|Any CPU.ActiveCfg = Release|Any CPU
		{504983D9-42BA-4E04-9FFC-5A03277CD4A6}.Release|Any CPU.Build.0 = Release|Any CPU
		{8AAA84EC-4C86-462E-BF6E-58C2754642D4}.Debug|Any CPU.ActiveCfg = Debug|Any CPU
		{8AAA84EC-4C86-462E-BF6E-58C2754642D4}.Debug|Any CPU.Build.0 = Debug|Any CPU
		{8AAA84EC-4C86-462E-BF6E-58C2754642D4}.Release|Any CPU.ActiveCfg = Release|Any CPU
		{8AAA84EC-4C86-462E-BF6E-58C2754642D4}.Release|Any CPU.Build.0 = Release|Any CPU
		{E5118BEF-DB2B-43C4-9FF4-E8C20796C019}.Debug|Any CPU.ActiveCfg = Debug|Any CPU
		{E5118BEF-DB2B-43C4-9FF4-E8C20796C019}.Debug|Any CPU.Build.0 = Debug|Any CPU
		{E5118BEF-DB2B-43C4-9FF4-E8C20796C019}.Release|Any CPU.ActiveCfg = Release|Any CPU
		{E5118BEF-DB2B-43C4-9FF4-E8C20796C019}.Release|Any CPU.Build.0 = Release|Any CPU
		{EF93FDA7-D701-486A-9556-F8174E2B5790}.Debug|Any CPU.ActiveCfg = Debug|Any CPU
		{EF93FDA7-D701-486A-9556-F8174E2B5790}.Debug|Any CPU.Build.0 = Debug|Any CPU
		{EF93FDA7-D701-486A-9556-F8174E2B5790}.Release|Any CPU.ActiveCfg = Release|Any CPU
		{EF93FDA7-D701-486A-9556-F8174E2B5790}.Release|Any CPU.Build.0 = Release|Any CPU
		{92A93FED-0F23-4C45-A088-F9463C673865}.Debug|Any CPU.ActiveCfg = Debug|Any CPU
		{92A93FED-0F23-4C45-A088-F9463C673865}.Debug|Any CPU.Build.0 = Debug|Any CPU
		{92A93FED-0F23-4C45-A088-F9463C673865}.Release|Any CPU.ActiveCfg = Release|Any CPU
		{92A93FED-0F23-4C45-A088-F9463C673865}.Release|Any CPU.Build.0 = Release|Any CPU
		{FF47FB2D-B4B0-4A7D-9A13-ED4E152CF73B}.Debug|Any CPU.ActiveCfg = Debug|Any CPU
		{FF47FB2D-B4B0-4A7D-9A13-ED4E152CF73B}.Debug|Any CPU.Build.0 = Debug|Any CPU
		{FF47FB2D-B4B0-4A7D-9A13-ED4E152CF73B}.Release|Any CPU.ActiveCfg = Release|Any CPU
		{FF47FB2D-B4B0-4A7D-9A13-ED4E152CF73B}.Release|Any CPU.Build.0 = Release|Any CPU
		{6EDF8BAE-9C3B-4EDF-8510-4DFB74DF5A23}.Debug|Any CPU.ActiveCfg = Debug|Any CPU
		{6EDF8BAE-9C3B-4EDF-8510-4DFB74DF5A23}.Debug|Any CPU.Build.0 = Debug|Any CPU
		{6EDF8BAE-9C3B-4EDF-8510-4DFB74DF5A23}.Release|Any CPU.ActiveCfg = Release|Any CPU
		{6EDF8BAE-9C3B-4EDF-8510-4DFB74DF5A23}.Release|Any CPU.Build.0 = Release|Any CPU
		{852BE550-DE47-4B56-B12F-BDDF940A54D7}.Debug|Any CPU.ActiveCfg = Debug|Any CPU
		{852BE550-DE47-4B56-B12F-BDDF940A54D7}.Debug|Any CPU.Build.0 = Debug|Any CPU
		{852BE550-DE47-4B56-B12F-BDDF940A54D7}.Release|Any CPU.ActiveCfg = Release|Any CPU
		{852BE550-DE47-4B56-B12F-BDDF940A54D7}.Release|Any CPU.Build.0 = Release|Any CPU
		{8954FD68-ADF4-4999-9170-01E0EDC6CA25}.Debug|Any CPU.ActiveCfg = Debug|Any CPU
		{8954FD68-ADF4-4999-9170-01E0EDC6CA25}.Debug|Any CPU.Build.0 = Debug|Any CPU
		{8954FD68-ADF4-4999-9170-01E0EDC6CA25}.Release|Any CPU.ActiveCfg = Release|Any CPU
		{8954FD68-ADF4-4999-9170-01E0EDC6CA25}.Release|Any CPU.Build.0 = Release|Any CPU
		{B2A56207-2019-4402-8095-AE34A2E09ACB}.Debug|Any CPU.ActiveCfg = Debug|Any CPU
		{B2A56207-2019-4402-8095-AE34A2E09ACB}.Debug|Any CPU.Build.0 = Debug|Any CPU
		{B2A56207-2019-4402-8095-AE34A2E09ACB}.Release|Any CPU.ActiveCfg = Release|Any CPU
		{B2A56207-2019-4402-8095-AE34A2E09ACB}.Release|Any CPU.Build.0 = Release|Any CPU
		{B05A3539-6709-4211-BE8F-DD547A84B172}.Debug|Any CPU.ActiveCfg = Debug|Any CPU
		{B05A3539-6709-4211-BE8F-DD547A84B172}.Debug|Any CPU.Build.0 = Debug|Any CPU
		{B05A3539-6709-4211-BE8F-DD547A84B172}.Release|Any CPU.ActiveCfg = Release|Any CPU
		{B05A3539-6709-4211-BE8F-DD547A84B172}.Release|Any CPU.Build.0 = Release|Any CPU
		{E232DD33-4BCA-4BB7-B91D-BF4A181A19F7}.Debug|Any CPU.ActiveCfg = Debug|Any CPU
		{E232DD33-4BCA-4BB7-B91D-BF4A181A19F7}.Debug|Any CPU.Build.0 = Debug|Any CPU
		{E232DD33-4BCA-4BB7-B91D-BF4A181A19F7}.Release|Any CPU.ActiveCfg = Release|Any CPU
		{E232DD33-4BCA-4BB7-B91D-BF4A181A19F7}.Release|Any CPU.Build.0 = Release|Any CPU
		{E08EBEB6-1806-481C-ADAA-2A05A14F99E4}.Debug|Any CPU.ActiveCfg = Debug|Any CPU
		{E08EBEB6-1806-481C-ADAA-2A05A14F99E4}.Debug|Any CPU.Build.0 = Debug|Any CPU
		{E08EBEB6-1806-481C-ADAA-2A05A14F99E4}.Release|Any CPU.ActiveCfg = Release|Any CPU
		{E08EBEB6-1806-481C-ADAA-2A05A14F99E4}.Release|Any CPU.Build.0 = Release|Any CPU
		{885E04A3-B83A-4257-ADC7-1BE396FC4007}.Debug|Any CPU.ActiveCfg = Debug|Any CPU
		{885E04A3-B83A-4257-ADC7-1BE396FC4007}.Debug|Any CPU.Build.0 = Debug|Any CPU
		{885E04A3-B83A-4257-ADC7-1BE396FC4007}.Release|Any CPU.ActiveCfg = Release|Any CPU
		{885E04A3-B83A-4257-ADC7-1BE396FC4007}.Release|Any CPU.Build.0 = Release|Any CPU
		{BD35C192-5829-4E54-BEDA-FFFA670DF8F4}.Debug|Any CPU.ActiveCfg = Debug|Any CPU
		{BD35C192-5829-4E54-BEDA-FFFA670DF8F4}.Debug|Any CPU.Build.0 = Debug|Any CPU
		{BD35C192-5829-4E54-BEDA-FFFA670DF8F4}.Release|Any CPU.ActiveCfg = Release|Any CPU
		{BD35C192-5829-4E54-BEDA-FFFA670DF8F4}.Release|Any CPU.Build.0 = Release|Any CPU
		{434093BA-7A83-48DF-B654-749DD32D049C}.Debug|Any CPU.ActiveCfg = Debug|Any CPU
		{434093BA-7A83-48DF-B654-749DD32D049C}.Debug|Any CPU.Build.0 = Debug|Any CPU
		{434093BA-7A83-48DF-B654-749DD32D049C}.Release|Any CPU.ActiveCfg = Release|Any CPU
		{434093BA-7A83-48DF-B654-749DD32D049C}.Release|Any CPU.Build.0 = Release|Any CPU
		{1853C780-8E0A-4113-A5EF-77FFE58BF5E9}.Debug|Any CPU.ActiveCfg = Debug|Any CPU
		{1853C780-8E0A-4113-A5EF-77FFE58BF5E9}.Debug|Any CPU.Build.0 = Debug|Any CPU
		{1853C780-8E0A-4113-A5EF-77FFE58BF5E9}.Release|Any CPU.ActiveCfg = Release|Any CPU
		{1853C780-8E0A-4113-A5EF-77FFE58BF5E9}.Release|Any CPU.Build.0 = Release|Any CPU
		{2EB79388-58F3-4849-BB02-09FF5EC1AFC1}.Debug|Any CPU.ActiveCfg = Debug|Any CPU
		{2EB79388-58F3-4849-BB02-09FF5EC1AFC1}.Debug|Any CPU.Build.0 = Debug|Any CPU
		{2EB79388-58F3-4849-BB02-09FF5EC1AFC1}.Release|Any CPU.ActiveCfg = Release|Any CPU
		{2EB79388-58F3-4849-BB02-09FF5EC1AFC1}.Release|Any CPU.Build.0 = Release|Any CPU
		{A8ED7B39-9509-45D1-86F1-207AB1956206}.Debug|Any CPU.ActiveCfg = Debug|Any CPU
		{A8ED7B39-9509-45D1-86F1-207AB1956206}.Release|Any CPU.ActiveCfg = Release|Any CPU
		{A8ED7B39-9509-45D1-86F1-207AB1956206}.Release|Any CPU.Build.0 = Release|Any CPU
		{1995FAE9-AF5B-412D-8394-CC0803B63EB8}.Debug|Any CPU.ActiveCfg = Debug|Any CPU
		{1995FAE9-AF5B-412D-8394-CC0803B63EB8}.Debug|Any CPU.Build.0 = Debug|Any CPU
		{1995FAE9-AF5B-412D-8394-CC0803B63EB8}.Release|Any CPU.ActiveCfg = Release|Any CPU
		{1995FAE9-AF5B-412D-8394-CC0803B63EB8}.Release|Any CPU.Build.0 = Release|Any CPU
		{059DB602-E5BA-448B-88C7-8E3F69165485}.Debug|Any CPU.ActiveCfg = Debug|Any CPU
		{059DB602-E5BA-448B-88C7-8E3F69165485}.Debug|Any CPU.Build.0 = Debug|Any CPU
		{059DB602-E5BA-448B-88C7-8E3F69165485}.Release|Any CPU.ActiveCfg = Release|Any CPU
		{059DB602-E5BA-448B-88C7-8E3F69165485}.Release|Any CPU.Build.0 = Release|Any CPU
		{C13DB74C-D04A-4CCC-A72A-2ABD3FC9494D}.Debug|Any CPU.ActiveCfg = Debug|Any CPU
		{C13DB74C-D04A-4CCC-A72A-2ABD3FC9494D}.Debug|Any CPU.Build.0 = Debug|Any CPU
		{C13DB74C-D04A-4CCC-A72A-2ABD3FC9494D}.Release|Any CPU.ActiveCfg = Release|Any CPU
		{C13DB74C-D04A-4CCC-A72A-2ABD3FC9494D}.Release|Any CPU.Build.0 = Release|Any CPU
		{86C77423-18F3-4B70-A372-E9C4EC1BBCA1}.Debug|Any CPU.ActiveCfg = Debug|Any CPU
		{86C77423-18F3-4B70-A372-E9C4EC1BBCA1}.Debug|Any CPU.Build.0 = Debug|Any CPU
		{86C77423-18F3-4B70-A372-E9C4EC1BBCA1}.Release|Any CPU.ActiveCfg = Release|Any CPU
		{86C77423-18F3-4B70-A372-E9C4EC1BBCA1}.Release|Any CPU.Build.0 = Release|Any CPU
	EndGlobalSection
	GlobalSection(SolutionProperties) = preSolution
		HideSolutionNode = FALSE
	EndGlobalSection
	GlobalSection(NestedProjects) = preSolution
		{5A52C71C-3CFE-42C7-9FBA-A60DCB1E685C} = {0673212B-608D-4B3A-9E1D-689477FE8112}
		{AA6F06EA-9E08-4F11-A978-20C8A92829BA} = {0673212B-608D-4B3A-9E1D-689477FE8112}
		{22C7F343-BFC0-4690-A257-BA09CC87ECF6} = {0673212B-608D-4B3A-9E1D-689477FE8112}
		{504983D9-42BA-4E04-9FFC-5A03277CD4A6} = {0673212B-608D-4B3A-9E1D-689477FE8112}
		{8AAA84EC-4C86-462E-BF6E-58C2754642D4} = {44204E01-E2C8-4DFD-96F5-0658529BD176}
		{E5118BEF-DB2B-43C4-9FF4-E8C20796C019} = {44204E01-E2C8-4DFD-96F5-0658529BD176}
		{EF93FDA7-D701-486A-9556-F8174E2B5790} = {44204E01-E2C8-4DFD-96F5-0658529BD176}
		{92A93FED-0F23-4C45-A088-F9463C673865} = {0C7BFEF1-29C9-4D1F-AC05-173C0CFDDE48}
		{FF47FB2D-B4B0-4A7D-9A13-ED4E152CF73B} = {0C7BFEF1-29C9-4D1F-AC05-173C0CFDDE48}
		{6EDF8BAE-9C3B-4EDF-8510-4DFB74DF5A23} = {0C7BFEF1-29C9-4D1F-AC05-173C0CFDDE48}
		{852BE550-DE47-4B56-B12F-BDDF940A54D7} = {0C7BFEF1-29C9-4D1F-AC05-173C0CFDDE48}
		{8954FD68-ADF4-4999-9170-01E0EDC6CA25} = {0C7BFEF1-29C9-4D1F-AC05-173C0CFDDE48}
		{B2A56207-2019-4402-8095-AE34A2E09ACB} = {F3B420FA-E43B-4BAF-8A64-57819D3018BE}
		{B05A3539-6709-4211-BE8F-DD547A84B172} = {F3B420FA-E43B-4BAF-8A64-57819D3018BE}
		{E232DD33-4BCA-4BB7-B91D-BF4A181A19F7} = {F3B420FA-E43B-4BAF-8A64-57819D3018BE}
		{E08EBEB6-1806-481C-ADAA-2A05A14F99E4} = {3C61F2F0-F14F-4A9B-B3A5-644DF207CE26}
		{885E04A3-B83A-4257-ADC7-1BE396FC4007} = {3C61F2F0-F14F-4A9B-B3A5-644DF207CE26}
		{BD35C192-5829-4E54-BEDA-FFFA670DF8F4} = {7049AA82-D89D-4124-96CF-13A5FD7B30E1}
		{434093BA-7A83-48DF-B654-749DD32D049C} = {7049AA82-D89D-4124-96CF-13A5FD7B30E1}
		{1853C780-8E0A-4113-A5EF-77FFE58BF5E9} = {A138C7E2-35B8-4F94-B9B5-DD782B89266A}
		{2EB79388-58F3-4849-BB02-09FF5EC1AFC1} = {A138C7E2-35B8-4F94-B9B5-DD782B89266A}
		{A8ED7B39-9509-45D1-86F1-207AB1956206} = {DAADFBF6-6FCD-434B-9673-D4C8CCE44BD4}
		{1995FAE9-AF5B-412D-8394-CC0803B63EB8} = {DAADFBF6-6FCD-434B-9673-D4C8CCE44BD4}
		{059DB602-E5BA-448B-88C7-8E3F69165485} = {DAADFBF6-6FCD-434B-9673-D4C8CCE44BD4}
		{C13DB74C-D04A-4CCC-A72A-2ABD3FC9494D} = {DAADFBF6-6FCD-434B-9673-D4C8CCE44BD4}
		{86C77423-18F3-4B70-A372-E9C4EC1BBCA1} = {927B2569-4873-4293-AB64-DFCDF4F9921B}
	EndGlobalSection
	GlobalSection(ExtensibilityGlobals) = postSolution
		SolutionGuid = {7536C3DF-2010-4E43-8C7D-35DCD153ED19}
	EndGlobalSection
EndGlobal
