
Microsoft Visual Studio Solution File, Format Version 12.00
# Visual Studio Version 17
VisualStudioVersion = 17.9.34728.123
MinimumVisualStudioVersion = 10.0.40219.1
Project("{2150E333-8FDC-42A3-9474-1A3956D46DE8}") = "01-Bases", "01-Bases", "{0673212B-608D-4B3A-9E1D-689477FE8112}"
EndProject
Project("{9A19103F-16F7-4668-BE54-9A1E7A4F7556}") = "01-Variables", "01-Variables\01-Variables.csproj", "{5A52C71C-3CFE-42C7-9FBA-A60DCB1E685C}"
EndProject
Project("{9A19103F-16F7-4668-BE54-9A1E7A4F7556}") = "02-EstructurasControl", "02-EstructurasControl\02-EstructurasControl.csproj", "{AA6F06EA-9E08-4F11-A978-20C8A92829BA}"
EndProject
Project("{9A19103F-16F7-4668-BE54-9A1E7A4F7556}") = "03-Bucles", "03-Bucles\03-Bucles.csproj", "{22C7F343-BFC0-4690-A257-BA09CC87ECF6}"
EndProject
Project("{9A19103F-16F7-4668-BE54-9A1E7A4F7556}") = "04-Funciones", "04-Funciones\04-Funciones.csproj", "{504983D9-42BA-4E04-9FFC-5A03277CD4A6}"
EndProject
Project("{2150E333-8FDC-42A3-9474-1A3956D46DE8}") = "02-POO", "02-POO", "{44204E01-E2C8-4DFD-96F5-0658529BD176}"
EndProject
Project("{9A19103F-16F7-4668-BE54-9A1E7A4F7556}") = "01-Clases", "01-Clases\01-Clases.csproj", "{8AAA84EC-4C86-462E-BF6E-58C2754642D4}"
EndProject
Project("{9A19103F-16F7-4668-BE54-9A1E7A4F7556}") = "02-Propiedades", "02-Propiedades\02-Propiedades.csproj", "{E5118BEF-DB2B-43C4-9FF4-E8C20796C019}"
EndProject
Project("{9A19103F-16F7-4668-BE54-9A1E7A4F7556}") = "03-Herencia", "03-Herencia\03-Herencia.csproj", "{EF93FDA7-D701-486A-9556-F8174E2B5790}"
EndProject
Project("{2150E333-8FDC-42A3-9474-1A3956D46DE8}") = "03-Colecciones", "03-Colecciones", "{0C7BFEF1-29C9-4D1F-AC05-173C0CFDDE48}"
EndProject
Project("{FAE04EC0-301F-11D3-BF4B-00C04F79EFBC}") = "01-ListasMetodos", "01-ListasMetodos\01-ListasMetodos.csproj", "{92A93FED-0F23-4C45-A088-F9463C673865}"
EndProject
Project("{FAE04EC0-301F-11D3-BF4B-00C04F79EFBC}") = "02-LinkedList", "02-LinkedList\02-LinkedList.csproj", "{FF47FB2D-B4B0-4A7D-9A13-ED4E152CF73B}"
EndProject
Project("{FAE04EC0-301F-11D3-BF4B-00C04F79EFBC}") = "03-Stack", "03-Stack\03-Stack.csproj", "{6EDF8BAE-9C3B-4EDF-8510-4DFB74DF5A23}"
EndProject
Project("{FAE04EC0-301F-11D3-BF4B-00C04F79EFBC}") = "04-Queue", "04-Queue\04-Queue.csproj", "{852BE550-DE47-4B56-B12F-BDDF940A54D7}"
EndProject
Project("{FAE04EC0-301F-11D3-BF4B-00C04F79EFBC}") = "05-Dictionarios", "05-Dictionarios\05-Dictionarios.csproj", "{8954FD68-ADF4-4999-9170-01E0EDC6CA25}"
EndProject
Global
	GlobalSection(SolutionConfigurationPlatforms) = preSolution
		Debug|Any CPU = Debug|Any CPU
		Release|Any CPU = Release|Any CPU
	EndGlobalSection
	GlobalSection(ProjectConfigurationPlatforms) = postSolution
		{5A52C71C-3CFE-42C7-9FBA-A60DCB1E685C}.Debug|Any CPU.ActiveCfg = Debug|Any CPU
		{5A52C71C-3CFE-42C7-9FBA-A60DCB1E685C}.Debug|Any CPU.Build.0 = Debug|Any CPU
		{5A52C71C-3CFE-42C7-9FBA-A60DCB1E685C}.Release|Any CPU.ActiveCfg = Release|Any CPU
		{5A52C71C-3CFE-42C7-9FBA-A60DCB1E685C}.Release|Any CPU.Build.0 = Release|Any CPU
		{AA6F06EA-9E08-4F11-A978-20C8A92829BA}.Debug|Any CPU.ActiveCfg = Debug|Any CPU
		{AA6F06EA-9E08-4F11-A978-20C8A92829BA}.Debug|Any CPU.Build.0 = Debug|Any CPU
		{AA6F06EA-9E08-4F11-A978-20C8A92829BA}.Release|Any CPU.ActiveCfg = Release|Any CPU
		{AA6F06EA-9E08-4F11-A978-20C8A92829BA}.Release|Any CPU.Build.0 = Release|Any CPU
		{22C7F343-BFC0-4690-A257-BA09CC87ECF6}.Debug|Any CPU.ActiveCfg = Debug|Any CPU
		{22C7F343-BFC0-4690-A257-BA09CC87ECF6}.Debug|Any CPU.Build.0 = Debug|Any CPU
		{22C7F343-BFC0-4690-A257-BA09CC87ECF6}.Release|Any CPU.ActiveCfg = Release|Any CPU
		{22C7F343-BFC0-4690-A257-BA09CC87ECF6}.Release|Any CPU.Build.0 = Release|Any CPU
		{504983D9-42BA-4E04-9FFC-5A03277CD4A6}.Debug|Any CPU.ActiveCfg = Debug|Any CPU
		{504983D9-42BA-4E04-9FFC-5A03277CD4A6}.Debug|Any CPU.Build.0 = Debug|Any CPU
		{504983D9-42BA-4E04-9FFC-5A03277CD4A6}.Release|Any CPU.ActiveCfg = Release|Any CPU
		{504983D9-42BA-4E04-9FFC-5A03277CD4A6}.Release|Any CPU.Build.0 = Release|Any CPU
		{8AAA84EC-4C86-462E-BF6E-58C2754642D4}.Debug|Any CPU.ActiveCfg = Debug|Any CPU
		{8AAA84EC-4C86-462E-BF6E-58C2754642D4}.Debug|Any CPU.Build.0 = Debug|Any CPU
		{8AAA84EC-4C86-462E-BF6E-58C2754642D4}.Release|Any CPU.ActiveCfg = Release|Any CPU
		{8AAA84EC-4C86-462E-BF6E-58C2754642D4}.Release|Any CPU.Build.0 = Release|Any CPU
		{E5118BEF-DB2B-43C4-9FF4-E8C20796C019}.Debug|Any CPU.ActiveCfg = Debug|Any CPU
		{E5118BEF-DB2B-43C4-9FF4-E8C20796C019}.Debug|Any CPU.Build.0 = Debug|Any CPU
		{E5118BEF-DB2B-43C4-9FF4-E8C20796C019}.Release|Any CPU.ActiveCfg = Release|Any CPU
		{E5118BEF-DB2B-43C4-9FF4-E8C20796C019}.Release|Any CPU.Build.0 = Release|Any CPU
		{EF93FDA7-D701-486A-9556-F8174E2B5790}.Debug|Any CPU.ActiveCfg = Debug|Any CPU
		{EF93FDA7-D701-486A-9556-F8174E2B5790}.Debug|Any CPU.Build.0 = Debug|Any CPU
		{EF93FDA7-D701-486A-9556-F8174E2B5790}.Release|Any CPU.ActiveCfg = Release|Any CPU
		{EF93FDA7-D701-486A-9556-F8174E2B5790}.Release|Any CPU.Build.0 = Release|Any CPU
		{92A93FED-0F23-4C45-A088-F9463C673865}.Debug|Any CPU.ActiveCfg = Debug|Any CPU
		{92A93FED-0F23-4C45-A088-F9463C673865}.Debug|Any CPU.Build.0 = Debug|Any CPU
		{92A93FED-0F23-4C45-A088-F9463C673865}.Release|Any CPU.ActiveCfg = Release|Any CPU
		{92A93FED-0F23-4C45-A088-F9463C673865}.Release|Any CPU.Build.0 = Release|Any CPU
		{FF47FB2D-B4B0-4A7D-9A13-ED4E152CF73B}.Debug|Any CPU.ActiveCfg = Debug|Any CPU
		{FF47FB2D-B4B0-4A7D-9A13-ED4E152CF73B}.Debug|Any CPU.Build.0 = Debug|Any CPU
		{FF47FB2D-B4B0-4A7D-9A13-ED4E152CF73B}.Release|Any CPU.ActiveCfg = Release|Any CPU
		{FF47FB2D-B4B0-4A7D-9A13-ED4E152CF73B}.Release|Any CPU.Build.0 = Release|Any CPU
		{6EDF8BAE-9C3B-4EDF-8510-4DFB74DF5A23}.Debug|Any CPU.ActiveCfg = Debug|Any CPU
		{6EDF8BAE-9C3B-4EDF-8510-4DFB74DF5A23}.Debug|Any CPU.Build.0 = Debug|Any CPU
		{6EDF8BAE-9C3B-4EDF-8510-4DFB74DF5A23}.Release|Any CPU.ActiveCfg = Release|Any CPU
		{6EDF8BAE-9C3B-4EDF-8510-4DFB74DF5A23}.Release|Any CPU.Build.0 = Release|Any CPU
		{852BE550-DE47-4B56-B12F-BDDF940A54D7}.Debug|Any CPU.ActiveCfg = Debug|Any CPU
		{852BE550-DE47-4B56-B12F-BDDF940A54D7}.Debug|Any CPU.Build.0 = Debug|Any CPU
		{852BE550-DE47-4B56-B12F-BDDF940A54D7}.Release|Any CPU.ActiveCfg = Release|Any CPU
		{852BE550-DE47-4B56-B12F-BDDF940A54D7}.Release|Any CPU.Build.0 = Release|Any CPU
		{8954FD68-ADF4-4999-9170-01E0EDC6CA25}.Debug|Any CPU.ActiveCfg = Debug|Any CPU
		{8954FD68-ADF4-4999-9170-01E0EDC6CA25}.Debug|Any CPU.Build.0 = Debug|Any CPU
		{8954FD68-ADF4-4999-9170-01E0EDC6CA25}.Release|Any CPU.ActiveCfg = Release|Any CPU
		{8954FD68-ADF4-4999-9170-01E0EDC6CA25}.Release|Any CPU.Build.0 = Release|Any CPU
	EndGlobalSection
	GlobalSection(SolutionProperties) = preSolution
		HideSolutionNode = FALSE
	EndGlobalSection
	GlobalSection(NestedProjects) = preSolution
		{5A52C71C-3CFE-42C7-9FBA-A60DCB1E685C} = {0673212B-608D-4B3A-9E1D-689477FE8112}
		{AA6F06EA-9E08-4F11-A978-20C8A92829BA} = {0673212B-608D-4B3A-9E1D-689477FE8112}
		{22C7F343-BFC0-4690-A257-BA09CC87ECF6} = {0673212B-608D-4B3A-9E1D-689477FE8112}
		{504983D9-42BA-4E04-9FFC-5A03277CD4A6} = {0673212B-608D-4B3A-9E1D-689477FE8112}
		{8AAA84EC-4C86-462E-BF6E-58C2754642D4} = {44204E01-E2C8-4DFD-96F5-0658529BD176}
		{E5118BEF-DB2B-43C4-9FF4-E8C20796C019} = {44204E01-E2C8-4DFD-96F5-0658529BD176}
		{EF93FDA7-D701-486A-9556-F8174E2B5790} = {44204E01-E2C8-4DFD-96F5-0658529BD176}
		{92A93FED-0F23-4C45-A088-F9463C673865} = {0C7BFEF1-29C9-4D1F-AC05-173C0CFDDE48}
		{FF47FB2D-B4B0-4A7D-9A13-ED4E152CF73B} = {0C7BFEF1-29C9-4D1F-AC05-173C0CFDDE48}
		{6EDF8BAE-9C3B-4EDF-8510-4DFB74DF5A23} = {0C7BFEF1-29C9-4D1F-AC05-173C0CFDDE48}
		{852BE550-DE47-4B56-B12F-BDDF940A54D7} = {0C7BFEF1-29C9-4D1F-AC05-173C0CFDDE48}
		{8954FD68-ADF4-4999-9170-01E0EDC6CA25} = {0C7BFEF1-29C9-4D1F-AC05-173C0CFDDE48}
	EndGlobalSection
	GlobalSection(ExtensibilityGlobals) = postSolution
		SolutionGuid = {7536C3DF-2010-4E43-8C7D-35DCD153ED19}
	EndGlobalSection
EndGlobal
